
Microsoft Visual Studio Solution File, Format Version 12.00
# Visual Studio Version 17
VisualStudioVersion = 17.2.32519.379
MinimumVisualStudioVersion = 10.0.40219.1
Project("{FAE04EC0-301F-11D3-BF4B-00C04F79EFBC}") = "Inheritance", "Inheritance\Inheritance.csproj", "{5A2F137F-62E7-4392-A31F-946BC1D9105A}"
EndProject
Global
	GlobalSection(SolutionConfigurationPlatforms) = preSolution
		Debug|Any CPU = Debug|Any CPU
		Release|Any CPU = Release|Any CPU
	EndGlobalSection
	GlobalSection(ProjectConfigurationPlatforms) = postSolution
		{5A2F137F-62E7-4392-A31F-946BC1D9105A}.Debug|Any CPU.ActiveCfg = Debug|Any CPU
		{5A2F137F-62E7-4392-A31F-946BC1D9105A}.Debug|Any CPU.Build.0 = Debug|Any CPU
		{5A2F137F-62E7-4392-A31F-946BC1D9105A}.Release|Any CPU.ActiveCfg = Release|Any CPU
		{5A2F137F-62E7-4392-A31F-946BC1D9105A}.Release|Any CPU.Build.0 = Release|Any CPU
	EndGlobalSection
	GlobalSection(SolutionProperties) = preSolution
		HideSolutionNode = FALSE
	EndGlobalSection
	GlobalSection(ExtensibilityGlobals) = postSolution
		SolutionGuid = {A0B66835-04C4-4888-B951-3B04E58F038F}
	EndGlobalSection
EndGlobal
